
Microsoft Visual Studio Solution File, Format Version 12.00
# Visual Studio Version 17
VisualStudioVersion = 17.5.33530.505
MinimumVisualStudioVersion = 10.0.40219.1
Project("{9A19103F-16F7-4668-BE54-9A1E7A4F7556}") = "Loops.For_", "Loops.For_\Loops.For_.csproj", "{C54B673F-3627-4D80-ABBE-6392C1A2A98C}"
EndProject
Project("{FAE04EC0-301F-11D3-BF4B-00C04F79EFBC}") = "Loops.Foreach_", "Loops.Foreach_\Loops.Foreach_.csproj", "{EFA3B7E8-84D3-403B-BFC7-5E86857374CA}"
EndProject
Project("{FAE04EC0-301F-11D3-BF4B-00C04F79EFBC}") = "Loops.While_", "Loops.While_\Loops.While_.csproj", "{79879B1D-9D31-4F7C-8605-FDC8BB92FB0A}"
EndProject
Project("{FAE04EC0-301F-11D3-BF4B-00C04F79EFBC}") = "Loops.DoWhile_", "Loops.DoWhile_\Loops.DoWhile_.csproj", "{FAA56A08-9AAA-4862-9A72-D75428B2B200}"
EndProject
Global
	GlobalSection(SolutionConfigurationPlatforms) = preSolution
		Debug|Any CPU = Debug|Any CPU
		Release|Any CPU = Release|Any CPU
	EndGlobalSection
	GlobalSection(ProjectConfigurationPlatforms) = postSolution
		{C54B673F-3627-4D80-ABBE-6392C1A2A98C}.Debug|Any CPU.ActiveCfg = Debug|Any CPU
		{C54B673F-3627-4D80-ABBE-6392C1A2A98C}.Debug|Any CPU.Build.0 = Debug|Any CPU
		{C54B673F-3627-4D80-ABBE-6392C1A2A98C}.Release|Any CPU.ActiveCfg = Release|Any CPU
		{C54B673F-3627-4D80-ABBE-6392C1A2A98C}.Release|Any CPU.Build.0 = Release|Any CPU
		{EFA3B7E8-84D3-403B-BFC7-5E86857374CA}.Debug|Any CPU.ActiveCfg = Debug|Any CPU
		{EFA3B7E8-84D3-403B-BFC7-5E86857374CA}.Debug|Any CPU.Build.0 = Debug|Any CPU
		{EFA3B7E8-84D3-403B-BFC7-5E86857374CA}.Release|Any CPU.ActiveCfg = Release|Any CPU
		{EFA3B7E8-84D3-403B-BFC7-5E86857374CA}.Release|Any CPU.Build.0 = Release|Any CPU
		{79879B1D-9D31-4F7C-8605-FDC8BB92FB0A}.Debug|Any CPU.ActiveCfg = Debug|Any CPU
		{79879B1D-9D31-4F7C-8605-FDC8BB92FB0A}.Debug|Any CPU.Build.0 = Debug|Any CPU
		{79879B1D-9D31-4F7C-8605-FDC8BB92FB0A}.Release|Any CPU.ActiveCfg = Release|Any CPU
		{79879B1D-9D31-4F7C-8605-FDC8BB92FB0A}.Release|Any CPU.Build.0 = Release|Any CPU
		{FAA56A08-9AAA-4862-9A72-D75428B2B200}.Debug|Any CPU.ActiveCfg = Debug|Any CPU
		{FAA56A08-9AAA-4862-9A72-D75428B2B200}.Debug|Any CPU.Build.0 = Debug|Any CPU
		{FAA56A08-9AAA-4862-9A72-D75428B2B200}.Release|Any CPU.ActiveCfg = Release|Any CPU
		{FAA56A08-9AAA-4862-9A72-D75428B2B200}.Release|Any CPU.Build.0 = Release|Any CPU
	EndGlobalSection
	GlobalSection(SolutionProperties) = preSolution
		HideSolutionNode = FALSE
	EndGlobalSection
	GlobalSection(ExtensibilityGlobals) = postSolution
		SolutionGuid = {655867F9-E1B2-4887-BC47-D3D84249C540}
	EndGlobalSection
EndGlobal
