
Microsoft Visual Studio Solution File, Format Version 12.00
# Visual Studio Version 17
VisualStudioVersion = 17.5.33530.505
MinimumVisualStudioVersion = 10.0.40219.1
Project("{9A19103F-16F7-4668-BE54-9A1E7A4F7556}") = "Functions.Void_", "Functions.Void_\Functions.Void_.csproj", "{011F705E-C40D-44C5-8F06-F974DD41FAE0}"
EndProject
Project("{FAE04EC0-301F-11D3-BF4B-00C04F79EFBC}") = "Loops.Returns_", "Loops.Returns_\Loops.Returns_.csproj", "{CBBD73EA-9A1B-48BE-A243-C7F48E1D61F2}"
EndProject
Project("{FAE04EC0-301F-11D3-BF4B-00C04F79EFBC}") = "Functions.OutParams_", "Functions.OutParams_\Functions.OutParams_.csproj", "{5C2C2062-3C5F-4313-806B-DF5A8FDB62E4}"
EndProject
Global
	GlobalSection(SolutionConfigurationPlatforms) = preSolution
		Debug|Any CPU = Debug|Any CPU
		Release|Any CPU = Release|Any CPU
	EndGlobalSection
	GlobalSection(ProjectConfigurationPlatforms) = postSolution
		{011F705E-C40D-44C5-8F06-F974DD41FAE0}.Debug|Any CPU.ActiveCfg = Debug|Any CPU
		{011F705E-C40D-44C5-8F06-F974DD41FAE0}.Debug|Any CPU.Build.0 = Debug|Any CPU
		{011F705E-C40D-44C5-8F06-F974DD41FAE0}.Release|Any CPU.ActiveCfg = Release|Any CPU
		{011F705E-C40D-44C5-8F06-F974DD41FAE0}.Release|Any CPU.Build.0 = Release|Any CPU
		{CBBD73EA-9A1B-48BE-A243-C7F48E1D61F2}.Debug|Any CPU.ActiveCfg = Debug|Any CPU
		{CBBD73EA-9A1B-48BE-A243-C7F48E1D61F2}.Debug|Any CPU.Build.0 = Debug|Any CPU
		{CBBD73EA-9A1B-48BE-A243-C7F48E1D61F2}.Release|Any CPU.ActiveCfg = Release|Any CPU
		{CBBD73EA-9A1B-48BE-A243-C7F48E1D61F2}.Release|Any CPU.Build.0 = Release|Any CPU
		{5C2C2062-3C5F-4313-806B-DF5A8FDB62E4}.Debug|Any CPU.ActiveCfg = Debug|Any CPU
		{5C2C2062-3C5F-4313-806B-DF5A8FDB62E4}.Debug|Any CPU.Build.0 = Debug|Any CPU
		{5C2C2062-3C5F-4313-806B-DF5A8FDB62E4}.Release|Any CPU.ActiveCfg = Release|Any CPU
		{5C2C2062-3C5F-4313-806B-DF5A8FDB62E4}.Release|Any CPU.Build.0 = Release|Any CPU
	EndGlobalSection
	GlobalSection(SolutionProperties) = preSolution
		HideSolutionNode = FALSE
	EndGlobalSection
	GlobalSection(ExtensibilityGlobals) = postSolution
		SolutionGuid = {76E07FAB-B75A-44DD-BE17-0EE6E5BE4CC5}
	EndGlobalSection
EndGlobal
