
Microsoft Visual Studio Solution File, Format Version 12.00
# Visual Studio Version 17
VisualStudioVersion = 17.5.33530.505
MinimumVisualStudioVersion = 10.0.40219.1
Project("{FAE04EC0-301F-11D3-BF4B-00C04F79EFBC}") = "T4TemplateExample", "T4TemplateExample\T4TemplateExample.csproj", "{C1C6A9F9-E599-4B73-9B3F-DAB55B471184}"
EndProject
Global
	GlobalSection(SolutionConfigurationPlatforms) = preSolution
		Debug|Any CPU = Debug|Any CPU
		Release|Any CPU = Release|Any CPU
	EndGlobalSection
	GlobalSection(ProjectConfigurationPlatforms) = postSolution
		{C1C6A9F9-E599-4B73-9B3F-DAB55B471184}.Debug|Any CPU.ActiveCfg = Debug|Any CPU
		{C1C6A9F9-E599-4B73-9B3F-DAB55B471184}.Debug|Any CPU.Build.0 = Debug|Any CPU
		{C1C6A9F9-E599-4B73-9B3F-DAB55B471184}.Release|Any CPU.ActiveCfg = Release|Any CPU
		{C1C6A9F9-E599-4B73-9B3F-DAB55B471184}.Release|Any CPU.Build.0 = Release|Any CPU
	EndGlobalSection
	GlobalSection(SolutionProperties) = preSolution
		HideSolutionNode = FALSE
	EndGlobalSection
	GlobalSection(ExtensibilityGlobals) = postSolution
		SolutionGuid = {9568BB9C-3AF0-47C0-BBA7-F4D48717D4B4}
	EndGlobalSection
EndGlobal
